
Microsoft Visual Studio Solution File, Format Version 12.00
# Visual Studio 2012
Project("{FAE04EC0-301F-11D3-BF4B-00C04F79EFBC}") = "StarIOBinding", "StarIOBinding.csproj", "{6C3C4E90-E3EE-4CF8-B35D-1373A87ECF70}"
EndProject
Global
	GlobalSection(SolutionConfigurationPlatforms) = preSolution
		Debug|Any CPU = Debug|Any CPU
		Release|Any CPU = Release|Any CPU
	EndGlobalSection
	GlobalSection(ProjectConfigurationPlatforms) = postSolution
		{6C3C4E90-E3EE-4CF8-B35D-1373A87ECF70}.Debug|Any CPU.ActiveCfg = Debug|Any CPU
		{6C3C4E90-E3EE-4CF8-B35D-1373A87ECF70}.Debug|Any CPU.Build.0 = Debug|Any CPU
		{6C3C4E90-E3EE-4CF8-B35D-1373A87ECF70}.Release|Any CPU.ActiveCfg = Release|Any CPU
		{6C3C4E90-E3EE-4CF8-B35D-1373A87ECF70}.Release|Any CPU.Build.0 = Release|Any CPU
	EndGlobalSection
EndGlobal
